
Microsoft Visual Studio Solution File, Format Version 12.00
# Visual Studio Version 16
VisualStudioVersion = 16.0.33214.272
MinimumVisualStudioVersion = 10.0.40219.1
Project("{FAE04EC0-301F-11D3-BF4B-00C04F79EFBC}") = "MVC_assignment", "MVC_assignment\MVC_assignment.csproj", "{712A177B-521E-4828-8103-4C2931CB7557}"
EndProject
Global
	GlobalSection(SolutionConfigurationPlatforms) = preSolution
		Debug|Any CPU = Debug|Any CPU
		Release|Any CPU = Release|Any CPU
	EndGlobalSection
	GlobalSection(ProjectConfigurationPlatforms) = postSolution
		{712A177B-521E-4828-8103-4C2931CB7557}.Debug|Any CPU.ActiveCfg = Debug|Any CPU
		{712A177B-521E-4828-8103-4C2931CB7557}.Debug|Any CPU.Build.0 = Debug|Any CPU
		{712A177B-521E-4828-8103-4C2931CB7557}.Release|Any CPU.ActiveCfg = Release|Any CPU
		{712A177B-521E-4828-8103-4C2931CB7557}.Release|Any CPU.Build.0 = Release|Any CPU
	EndGlobalSection
	GlobalSection(SolutionProperties) = preSolution
		HideSolutionNode = FALSE
	EndGlobalSection
	GlobalSection(ExtensibilityGlobals) = postSolution
		SolutionGuid = {413800CF-666E-4E7A-AE06-4FD8F9A2CBF0}
	EndGlobalSection
EndGlobal
