
Microsoft Visual Studio Solution File, Format Version 12.00
# Visual Studio Version 17
VisualStudioVersion = 17.5.33414.496
MinimumVisualStudioVersion = 10.0.40219.1
Project("{FAE04EC0-301F-11D3-BF4B-00C04F79EFBC}") = "Assignment_4", "Assignment_4\Assignment_4.csproj", "{3A2A27BE-5D70-4092-BAB5-63731A8ACB28}"
EndProject
Global
	GlobalSection(SolutionConfigurationPlatforms) = preSolution
		Debug|Any CPU = Debug|Any CPU
		Release|Any CPU = Release|Any CPU
	EndGlobalSection
	GlobalSection(ProjectConfigurationPlatforms) = postSolution
		{3A2A27BE-5D70-4092-BAB5-63731A8ACB28}.Debug|Any CPU.ActiveCfg = Debug|Any CPU
		{3A2A27BE-5D70-4092-BAB5-63731A8ACB28}.Debug|Any CPU.Build.0 = Debug|Any CPU
		{3A2A27BE-5D70-4092-BAB5-63731A8ACB28}.Release|Any CPU.ActiveCfg = Release|Any CPU
		{3A2A27BE-5D70-4092-BAB5-63731A8ACB28}.Release|Any CPU.Build.0 = Release|Any CPU
	EndGlobalSection
	GlobalSection(SolutionProperties) = preSolution
		HideSolutionNode = FALSE
	EndGlobalSection
	GlobalSection(ExtensibilityGlobals) = postSolution
		SolutionGuid = {E9BC9A16-6659-4601-9A04-9D918B197588}
	EndGlobalSection
EndGlobal
