
Microsoft Visual Studio Solution File, Format Version 12.00
# Visual Studio Version 17
VisualStudioVersion = 17.5.33414.496
MinimumVisualStudioVersion = 10.0.40219.1
Project("{FAE04EC0-301F-11D3-BF4B-00C04F79EFBC}") = "Assignment_2", "Assignment_2\Assignment_2.csproj", "{B9CCE3A1-92A8-4FBB-81CC-9C5DC42F05E7}"
EndProject
Global
	GlobalSection(SolutionConfigurationPlatforms) = preSolution
		Debug|Any CPU = Debug|Any CPU
		Release|Any CPU = Release|Any CPU
	EndGlobalSection
	GlobalSection(ProjectConfigurationPlatforms) = postSolution
		{B9CCE3A1-92A8-4FBB-81CC-9C5DC42F05E7}.Debug|Any CPU.ActiveCfg = Debug|Any CPU
		{B9CCE3A1-92A8-4FBB-81CC-9C5DC42F05E7}.Debug|Any CPU.Build.0 = Debug|Any CPU
		{B9CCE3A1-92A8-4FBB-81CC-9C5DC42F05E7}.Release|Any CPU.ActiveCfg = Release|Any CPU
		{B9CCE3A1-92A8-4FBB-81CC-9C5DC42F05E7}.Release|Any CPU.Build.0 = Release|Any CPU
	EndGlobalSection
	GlobalSection(SolutionProperties) = preSolution
		HideSolutionNode = FALSE
	EndGlobalSection
	GlobalSection(ExtensibilityGlobals) = postSolution
		SolutionGuid = {319452FF-A976-4732-9AF1-EB521C651180}
	EndGlobalSection
EndGlobal
