
Microsoft Visual Studio Solution File, Format Version 12.00
# Visual Studio Version 17
VisualStudioVersion = 17.5.33414.496
MinimumVisualStudioVersion = 10.0.40219.1
Project("{FAE04EC0-301F-11D3-BF4B-00C04F79EFBC}") = "Assignment_5", "Assignment_5\Assignment_5.csproj", "{86451D78-6133-4667-A168-033DBF21F59B}"
EndProject
Global
	GlobalSection(SolutionConfigurationPlatforms) = preSolution
		Debug|Any CPU = Debug|Any CPU
		Release|Any CPU = Release|Any CPU
	EndGlobalSection
	GlobalSection(ProjectConfigurationPlatforms) = postSolution
		{86451D78-6133-4667-A168-033DBF21F59B}.Debug|Any CPU.ActiveCfg = Debug|Any CPU
		{86451D78-6133-4667-A168-033DBF21F59B}.Debug|Any CPU.Build.0 = Debug|Any CPU
		{86451D78-6133-4667-A168-033DBF21F59B}.Release|Any CPU.ActiveCfg = Release|Any CPU
		{86451D78-6133-4667-A168-033DBF21F59B}.Release|Any CPU.Build.0 = Release|Any CPU
	EndGlobalSection
	GlobalSection(SolutionProperties) = preSolution
		HideSolutionNode = FALSE
	EndGlobalSection
	GlobalSection(ExtensibilityGlobals) = postSolution
		SolutionGuid = {EE0A8081-C005-47DA-8003-8274A0605EB5}
	EndGlobalSection
EndGlobal
